
Microsoft Visual Studio Solution File, Format Version 12.00
# Visual Studio Version 17
VisualStudioVersion = 17.3.32819.101
MinimumVisualStudioVersion = 10.0.40219.1
Project("{FAE04EC0-301F-11D3-BF4B-00C04F79EFBC}") = "BlazoLazyLoadButton", "BlazoLazyLoadButton\BlazoLazyLoadButton.csproj", "{6E2C4B13-A3A9-4216-9B97-A8EE3F93DCDB}"
EndProject
Global
	GlobalSection(SolutionConfigurationPlatforms) = preSolution
		Debug|Any CPU = Debug|Any CPU
		Release|Any CPU = Release|Any CPU
	EndGlobalSection
	GlobalSection(ProjectConfigurationPlatforms) = postSolution
		{6E2C4B13-A3A9-4216-9B97-A8EE3F93DCDB}.Debug|Any CPU.ActiveCfg = Debug|Any CPU
		{6E2C4B13-A3A9-4216-9B97-A8EE3F93DCDB}.Debug|Any CPU.Build.0 = Debug|Any CPU
		{6E2C4B13-A3A9-4216-9B97-A8EE3F93DCDB}.Release|Any CPU.ActiveCfg = Release|Any CPU
		{6E2C4B13-A3A9-4216-9B97-A8EE3F93DCDB}.Release|Any CPU.Build.0 = Release|Any CPU
	EndGlobalSection
	GlobalSection(SolutionProperties) = preSolution
		HideSolutionNode = FALSE
	EndGlobalSection
	GlobalSection(ExtensibilityGlobals) = postSolution
		SolutionGuid = {9332959E-9D37-4713-86DD-361DA8BE9657}
	EndGlobalSection
EndGlobal
